
Microsoft Visual Studio Solution File, Format Version 12.00
# Visual Studio Version 17
VisualStudioVersion = 17.0.31903.59
MinimumVisualStudioVersion = 10.0.40219.1
Project("{2150E333-8FDC-42A3-9474-1A3956D46DE8}") = "src", "src", "{827E0CD3-B72D-47B6-A68D-7590B98EB39B}"
EndProject
Project("{FAE04EC0-301F-11D3-BF4B-00C04F79EFBC}") = "RagVsAgenticRag.Api", "src\RagVsAgenticRag.Api\RagVsAgenticRag.Api.csproj", "{AB0064E2-863C-4175-94A3-F9482E98DBA8}"
EndProject
Project("{2150E333-8FDC-42A3-9474-1A3956D46DE8}") = "tests", "tests", "{4958DCA1-B3D2-49B0-A290-0763EA055E73}"
EndProject
Project("{FAE04EC0-301F-11D3-BF4B-00C04F79EFBC}") = "RagVsAgenticRag.Api.Tests", "tests\RagVsAgenticRag.Api.Tests\RagVsAgenticRag.Api.Tests.csproj", "{802D7969-1F7F-449E-B75B-6A43ACF78D7D}"
EndProject
Global
	GlobalSection(SolutionConfigurationPlatforms) = preSolution
		Debug|Any CPU = Debug|Any CPU
		Debug|x64 = Debug|x64
		Debug|x86 = Debug|x86
		Release|Any CPU = Release|Any CPU
		Release|x64 = Release|x64
		Release|x86 = Release|x86
	EndGlobalSection
	GlobalSection(ProjectConfigurationPlatforms) = postSolution
		{AB0064E2-863C-4175-94A3-F9482E98DBA8}.Debug|Any CPU.ActiveCfg = Debug|Any CPU
		{AB0064E2-863C-4175-94A3-F9482E98DBA8}.Debug|Any CPU.Build.0 = Debug|Any CPU
		{AB0064E2-863C-4175-94A3-F9482E98DBA8}.Debug|x64.ActiveCfg = Debug|Any CPU
		{AB0064E2-863C-4175-94A3-F9482E98DBA8}.Debug|x64.Build.0 = Debug|Any CPU
		{AB0064E2-863C-4175-94A3-F9482E98DBA8}.Debug|x86.ActiveCfg = Debug|Any CPU
		{AB0064E2-863C-4175-94A3-F9482E98DBA8}.Debug|x86.Build.0 = Debug|Any CPU
		{AB0064E2-863C-4175-94A3-F9482E98DBA8}.Release|Any CPU.ActiveCfg = Release|Any CPU
		{AB0064E2-863C-4175-94A3-F9482E98DBA8}.Release|Any CPU.Build.0 = Release|Any CPU
		{AB0064E2-863C-4175-94A3-F9482E98DBA8}.Release|x64.ActiveCfg = Release|Any CPU
		{AB0064E2-863C-4175-94A3-F9482E98DBA8}.Release|x64.Build.0 = Release|Any CPU
		{AB0064E2-863C-4175-94A3-F9482E98DBA8}.Release|x86.ActiveCfg = Release|Any CPU
		{AB0064E2-863C-4175-94A3-F9482E98DBA8}.Release|x86.Build.0 = Release|Any CPU
		{802D7969-1F7F-449E-B75B-6A43ACF78D7D}.Debug|Any CPU.ActiveCfg = Debug|Any CPU
		{802D7969-1F7F-449E-B75B-6A43ACF78D7D}.Debug|Any CPU.Build.0 = Debug|Any CPU
		{802D7969-1F7F-449E-B75B-6A43ACF78D7D}.Debug|x64.ActiveCfg = Debug|Any CPU
		{802D7969-1F7F-449E-B75B-6A43ACF78D7D}.Debug|x64.Build.0 = Debug|Any CPU
		{802D7969-1F7F-449E-B75B-6A43ACF78D7D}.Debug|x86.ActiveCfg = Debug|Any CPU
		{802D7969-1F7F-449E-B75B-6A43ACF78D7D}.Debug|x86.Build.0 = Debug|Any CPU
		{802D7969-1F7F-449E-B75B-6A43ACF78D7D}.Release|Any CPU.ActiveCfg = Release|Any CPU
		{802D7969-1F7F-449E-B75B-6A43ACF78D7D}.Release|Any CPU.Build.0 = Release|Any CPU
		{802D7969-1F7F-449E-B75B-6A43ACF78D7D}.Release|x64.ActiveCfg = Release|Any CPU
		{802D7969-1F7F-449E-B75B-6A43ACF78D7D}.Release|x64.Build.0 = Release|Any CPU
		{802D7969-1F7F-449E-B75B-6A43ACF78D7D}.Release|x86.ActiveCfg = Release|Any CPU
		{802D7969-1F7F-449E-B75B-6A43ACF78D7D}.Release|x86.Build.0 = Release|Any CPU
	EndGlobalSection
	GlobalSection(SolutionProperties) = preSolution
		HideSolutionNode = FALSE
	EndGlobalSection
	GlobalSection(NestedProjects) = preSolution
		{AB0064E2-863C-4175-94A3-F9482E98DBA8} = {827E0CD3-B72D-47B6-A68D-7590B98EB39B}
		{802D7969-1F7F-449E-B75B-6A43ACF78D7D} = {4958DCA1-B3D2-49B0-A290-0763EA055E73}
	EndGlobalSection
EndGlobal
